
Microsoft Visual Studio Solution File, Format Version 12.00
# Visual Studio Version 17
VisualStudioVersion = 17.0.31903.59
MinimumVisualStudioVersion = 10.0.40219.1
Project("{FAE04EC0-301F-11D3-BF4B-00C04F79EFBC}") = "WordleAnswers.CLI", "WordleAnswers.CLI/WordleAnswers.CLI.csproj", "{8E00F1F6-3271-4B6F-8396-11AC2FB6AE28}"
EndProject
Project("{FAE04EC0-301F-11D3-BF4B-00C04F79EFBC}") = "WordleAnswers.Core", "WordleAnswers.Core\WordleAnswers.Core.csproj", "{78EC856F-913B-4376-9E9F-C5B4875E05E3}"
EndProject
Global
	GlobalSection(SolutionConfigurationPlatforms) = preSolution
		Debug|Any CPU = Debug|Any CPU
		Release|Any CPU = Release|Any CPU
	EndGlobalSection
	GlobalSection(SolutionProperties) = preSolution
		HideSolutionNode = FALSE
	EndGlobalSection
	GlobalSection(ProjectConfigurationPlatforms) = postSolution
		{8E00F1F6-3271-4B6F-8396-11AC2FB6AE28}.Debug|Any CPU.ActiveCfg = Debug|Any CPU
		{8E00F1F6-3271-4B6F-8396-11AC2FB6AE28}.Debug|Any CPU.Build.0 = Debug|Any CPU
		{8E00F1F6-3271-4B6F-8396-11AC2FB6AE28}.Release|Any CPU.ActiveCfg = Release|Any CPU
		{8E00F1F6-3271-4B6F-8396-11AC2FB6AE28}.Release|Any CPU.Build.0 = Release|Any CPU
		{78EC856F-913B-4376-9E9F-C5B4875E05E3}.Debug|Any CPU.ActiveCfg = Debug|Any CPU
		{78EC856F-913B-4376-9E9F-C5B4875E05E3}.Debug|Any CPU.Build.0 = Debug|Any CPU
		{78EC856F-913B-4376-9E9F-C5B4875E05E3}.Release|Any CPU.ActiveCfg = Release|Any CPU
		{78EC856F-913B-4376-9E9F-C5B4875E05E3}.Release|Any CPU.Build.0 = Release|Any CPU
	EndGlobalSection
EndGlobal
